{
  "name": "xfb2xfb",
  "lockfileVersion": 3,
  "requires": true,
  "packages": {
    "": {
      "name": "xfb2xfb",
      "dependencies": {
        "marked": "17.0.5"
      },
      "engines": {
        "node": ">=20"
      }
    },
    "node_modules/marked": {
      "version": "17.0.5",
      "resolved": "https://registry.npmjs.org/marked/-/marked-17.0.5.tgz",
      "integrity": "sha512-6hLvc0/JEbRjRgzI6wnT2P1XuM1/RrrDEX0kPt0N7jGm1133g6X7DlxFasUIx+72aKAr904GTxhSLDrd5DIlZg==",
      "license": "MIT",
      "bin": {
        "marked": "bin/marked.js"
      },
      "engines": {
        "node": ">= 20"
      }
    }
  }
}
